// !$*UTF8*$!
{
	archiveVersion = 1;
	classes = {
	};
	objectVersion = 50;
	objects = {

/* Begin PBXBuildFile section */
		00864D0652D9DB7304E4EF68 /* Pods_ARGalleryTests.framework in Frameworks */ = {isa = PBXBuildFile; fileRef = 8471CB7EBE900A96D0A1F661 /* Pods_ARGalleryTests.framework */; };
		846699D32081DB6000797CAB /* AppDelegate.swift in Sources */ = {isa = PBXBuildFile; fileRef = 846699D22081DB6000797CAB /* AppDelegate.swift */; };
		846699D52081DB6000797CAB /* art.scnassets in Resources */ = {isa = PBXBuildFile; fileRef = 846699D42081DB6000797CAB /* art.scnassets */; };
		846699D72081DB6000797CAB /* ViewController.swift in Sources */ = {isa = PBXBuildFile; fileRef = 846699D62081DB6000797CAB /* ViewController.swift */; };
		846699DA2081DB6000797CAB /* Main.storyboard in Resources */ = {isa = PBXBuildFile; fileRef = 846699D82081DB6000797CAB /* Main.storyboard */; };
		846699DC2081DB6200797CAB /* Assets.xcassets in Resources */ = {isa = PBXBuildFile; fileRef = 846699DB2081DB6200797CAB /* Assets.xcassets */; };
		846699DF2081DB6200797CAB /* LaunchScreen.storyboard in Resources */ = {isa = PBXBuildFile; fileRef = 846699DD2081DB6200797CAB /* LaunchScreen.storyboard */; };
		846699EA2081DB6200797CAB /* ARGalleryTests.swift in Sources */ = {isa = PBXBuildFile; fileRef = 846699E92081DB6200797CAB /* ARGalleryTests.swift */; };
		84669A072081EEB900797CAB /* example-result.jpg in Resources */ = {isa = PBXBuildFile; fileRef = 84669A052081EEB900797CAB /* example-result.jpg */; };
		84669A082081EEB900797CAB /* example.jpg in Resources */ = {isa = PBXBuildFile; fileRef = 84669A062081EEB900797CAB /* example.jpg */; };
		84669A0A2081F16600797CAB /* Helper.swift in Sources */ = {isa = PBXBuildFile; fileRef = 84669A092081F16600797CAB /* Helper.swift */; };
		84669A0E2082187200797CAB /* APITests.swift in Sources */ = {isa = PBXBuildFile; fileRef = 84669A0D2082187200797CAB /* APITests.swift */; };
		84E6B92D20827B7800895579 /* Painting.swift in Sources */ = {isa = PBXBuildFile; fileRef = 84E6B92C20827B7800895579 /* Painting.swift */; };
		D75ADDADF5C41AD64BA883BB /* Pods_ARGallery.framework in Frameworks */ = {isa = PBXBuildFile; fileRef = 0CAD50D2ED67A652614FB7FE /* Pods_ARGallery.framework */; };
/* End PBXBuildFile section */

/* Begin PBXContainerItemProxy section */
		846699E62081DB6200797CAB /* PBXContainerItemProxy */ = {
			isa = PBXContainerItemProxy;
			containerPortal = 846699C72081DB6000797CAB /* Project object */;
			proxyType = 1;
			remoteGlobalIDString = 846699CE2081DB6000797CAB;
			remoteInfo = ARGallery;
		};
/* End PBXContainerItemProxy section */

/* Begin PBXFileReference section */
		0567D6FCB3244C41CF7495C2 /* Pods-ARGalleryTests.debug.xcconfig */ = {isa = PBXFileReference; includeInIndex = 1; lastKnownFileType = text.xcconfig; name = "Pods-ARGalleryTests.debug.xcconfig"; path = "Pods/Target Support Files/Pods-ARGalleryTests/Pods-ARGalleryTests.debug.xcconfig"; sourceTree = "<group>"; };
		0CAD50D2ED67A652614FB7FE /* Pods_ARGallery.framework */ = {isa = PBXFileReference; explicitFileType = wrapper.framework; includeInIndex = 0; path = Pods_ARGallery.framework; sourceTree = BUILT_PRODUCTS_DIR; };
		2DA34FC420D87B87CA6BDCE3 /* Pods-ARGallery.debug.xcconfig */ = {isa = PBXFileReference; includeInIndex = 1; lastKnownFileType = text.xcconfig; name = "Pods-ARGallery.debug.xcconfig"; path = "Pods/Target Support Files/Pods-ARGallery/Pods-ARGallery.debug.xcconfig"; sourceTree = "<group>"; };
		40C46DCDA56F47AF86EA5A79 /* Pods-ARGalleryTests.release.xcconfig */ = {isa = PBXFileReference; includeInIndex = 1; lastKnownFileType = text.xcconfig; name = "Pods-ARGalleryTests.release.xcconfig"; path = "Pods/Target Support Files/Pods-ARGalleryTests/Pods-ARGalleryTests.release.xcconfig"; sourceTree = "<group>"; };
		846699CF2081DB6000797CAB /* ARGallery.app */ = {isa = PBXFileReference; explicitFileType = wrapper.application; includeInIndex = 0; path = ARGallery.app; sourceTree = BUILT_PRODUCTS_DIR; };
		846699D22081DB6000797CAB /* AppDelegate.swift */ = {isa = PBXFileReference; lastKnownFileType = sourcecode.swift; path = AppDelegate.swift; sourceTree = "<group>"; };
		846699D42081DB6000797CAB /* art.scnassets */ = {isa = PBXFileReference; lastKnownFileType = wrapper.scnassets; path = art.scnassets; sourceTree = "<group>"; };
		846699D62081DB6000797CAB /* ViewController.swift */ = {isa = PBXFileReference; lastKnownFileType = sourcecode.swift; path = ViewController.swift; sourceTree = "<group>"; };
		846699D92081DB6000797CAB /* Base */ = {isa = PBXFileReference; lastKnownFileType = file.storyboard; name = Base; path = Base.lproj/Main.storyboard; sourceTree = "<group>"; };
		846699DB2081DB6200797CAB /* Assets.xcassets */ = {isa = PBXFileReference; lastKnownFileType = folder.assetcatalog; path = Assets.xcassets; sourceTree = "<group>"; };
		846699DE2081DB6200797CAB /* Base */ = {isa = PBXFileReference; lastKnownFileType = file.storyboard; name = Base; path = Base.lproj/LaunchScreen.storyboard; sourceTree = "<group>"; };
		846699E02081DB6200797CAB /* Info.plist */ = {isa = PBXFileReference; lastKnownFileType = text.plist.xml; path = Info.plist; sourceTree = "<group>"; };
		846699E52081DB6200797CAB /* ARGalleryTests.xctest */ = {isa = PBXFileReference; explicitFileType = wrapper.cfbundle; includeInIndex = 0; path = ARGalleryTests.xctest; sourceTree = BUILT_PRODUCTS_DIR; };
		846699E92081DB6200797CAB /* ARGalleryTests.swift */ = {isa = PBXFileReference; lastKnownFileType = sourcecode.swift; path = ARGalleryTests.swift; sourceTree = "<group>"; };
		846699EB2081DB6200797CAB /* Info.plist */ = {isa = PBXFileReference; lastKnownFileType = text.plist.xml; path = Info.plist; sourceTree = "<group>"; };
		84669A052081EEB900797CAB /* example-result.jpg */ = {isa = PBXFileReference; lastKnownFileType = image.jpeg; path = "example-result.jpg"; sourceTree = "<group>"; };
		84669A062081EEB900797CAB /* example.jpg */ = {isa = PBXFileReference; lastKnownFileType = image.jpeg; path = example.jpg; sourceTree = "<group>"; };
		84669A092081F16600797CAB /* Helper.swift */ = {isa = PBXFileReference; lastKnownFileType = sourcecode.swift; path = Helper.swift; sourceTree = "<group>"; };
		84669A0D2082187200797CAB /* APITests.swift */ = {isa = PBXFileReference; lastKnownFileType = sourcecode.swift; path = APITests.swift; sourceTree = "<group>"; };
		8471CB7EBE900A96D0A1F661 /* Pods_ARGalleryTests.framework */ = {isa = PBXFileReference; explicitFileType = wrapper.framework; includeInIndex = 0; path = Pods_ARGalleryTests.framework; sourceTree = BUILT_PRODUCTS_DIR; };
		84E6B92C20827B7800895579 /* Painting.swift */ = {isa = PBXFileReference; lastKnownFileType = sourcecode.swift; path = Painting.swift; sourceTree = "<group>"; };
		FCA360946A164098228365EE /* Pods-ARGallery.release.xcconfig */ = {isa = PBXFileReference; includeInIndex = 1; lastKnownFileType = text.xcconfig; name = "Pods-ARGallery.release.xcconfig"; path = "Pods/Target Support Files/Pods-ARGallery/Pods-ARGallery.release.xcconfig"; sourceTree = "<group>"; };
/* End PBXFileReference section */

/* Begin PBXFrameworksBuildPhase section */
		846699CC2081DB6000797CAB /* Frameworks */ = {
			isa = PBXFrameworksBuildPhase;
			buildActionMask = 2147483647;
			files = (
				D75ADDADF5C41AD64BA883BB /* Pods_ARGallery.framework in Frameworks */,
			);
			runOnlyForDeploymentPostprocessing = 0;
		};
		846699E22081DB6200797CAB /* Frameworks */ = {
			isa = PBXFrameworksBuildPhase;
			buildActionMask = 2147483647;
			files = (
				00864D0652D9DB7304E4EF68 /* Pods_ARGalleryTests.framework in Frameworks */,
			);
			runOnlyForDeploymentPostprocessing = 0;
		};
/* End PBXFrameworksBuildPhase section */

/* Begin PBXGroup section */
		846699C62081DB6000797CAB = {
			isa = PBXGroup;
			children = (
				846699D12081DB6000797CAB /* ARGallery */,
				846699E82081DB6200797CAB /* ARGalleryTests */,
				846699D02081DB6000797CAB /* Products */,
				CD2095260E472EFEFB66A215 /* Pods */,
				E2D79771699C3A6F500D0F6F /* Frameworks */,
			);
			sourceTree = "<group>";
		};
		846699D02081DB6000797CAB /* Products */ = {
			isa = PBXGroup;
			children = (
				846699CF2081DB6000797CAB /* ARGallery.app */,
				846699E52081DB6200797CAB /* ARGalleryTests.xctest */,
			);
			name = Products;
			sourceTree = "<group>";
		};
		846699D12081DB6000797CAB /* ARGallery */ = {
			isa = PBXGroup;
			children = (
				84669A042081EEAF00797CAB /* Example */,
				846699D22081DB6000797CAB /* AppDelegate.swift */,
				846699D42081DB6000797CAB /* art.scnassets */,
				846699D62081DB6000797CAB /* ViewController.swift */,
				846699D82081DB6000797CAB /* Main.storyboard */,
				846699DB2081DB6200797CAB /* Assets.xcassets */,
				846699DD2081DB6200797CAB /* LaunchScreen.storyboard */,
				846699E02081DB6200797CAB /* Info.plist */,
				84669A092081F16600797CAB /* Helper.swift */,
				84E6B92C20827B7800895579 /* Painting.swift */,
			);
			path = ARGallery;
			sourceTree = "<group>";
		};
		846699E82081DB6200797CAB /* ARGalleryTests */ = {
			isa = PBXGroup;
			children = (
				846699E92081DB6200797CAB /* ARGalleryTests.swift */,
				846699EB2081DB6200797CAB /* Info.plist */,
				84669A0D2082187200797CAB /* APITests.swift */,
			);
			path = ARGalleryTests;
			sourceTree = "<group>";
		};
		84669A042081EEAF00797CAB /* Example */ = {
			isa = PBXGroup;
			children = (
				84669A052081EEB900797CAB /* example-result.jpg */,
				84669A062081EEB900797CAB /* example.jpg */,
			);
			path = Example;
			sourceTree = "<group>";
		};
		CD2095260E472EFEFB66A215 /* Pods */ = {
			isa = PBXGroup;
			children = (
				2DA34FC420D87B87CA6BDCE3 /* Pods-ARGallery.debug.xcconfig */,
				FCA360946A164098228365EE /* Pods-ARGallery.release.xcconfig */,
				0567D6FCB3244C41CF7495C2 /* Pods-ARGalleryTests.debug.xcconfig */,
				40C46DCDA56F47AF86EA5A79 /* Pods-ARGalleryTests.release.xcconfig */,
			);
			name = Pods;
			sourceTree = "<group>";
		};
		E2D79771699C3A6F500D0F6F /* Frameworks */ = {
			isa = PBXGroup;
			children = (
				0CAD50D2ED67A652614FB7FE /* Pods_ARGallery.framework */,
				8471CB7EBE900A96D0A1F661 /* Pods_ARGalleryTests.framework */,
			);
			name = Frameworks;
			sourceTree = "<group>";
		};
/* End PBXGroup section */

/* Begin PBXNativeTarget section */
		846699CE2081DB6000797CAB /* ARGallery */ = {
			isa = PBXNativeTarget;
			buildConfigurationList = 846699EE2081DB6200797CAB /* Build configuration list for PBXNativeTarget "ARGallery" */;
			buildPhases = (
				21F3781802EE458FF8B1A431 /* [CP] Check Pods Manifest.lock */,
				846699CB2081DB6000797CAB /* Sources */,
				846699CC2081DB6000797CAB /* Frameworks */,
				846699CD2081DB6000797CAB /* Resources */,
				5E5CD75A64C91AD3C7B67444 /* [CP] Embed Pods Frameworks */,
			);
			buildRules = (
			);
			dependencies = (
			);
			name = ARGallery;
			productName = ARGallery;
			productReference = 846699CF2081DB6000797CAB /* ARGallery.app */;
			productType = "com.apple.product-type.application";
		};
		846699E42081DB6200797CAB /* ARGalleryTests */ = {
			isa = PBXNativeTarget;
			buildConfigurationList = 846699F12081DB6200797CAB /* Build configuration list for PBXNativeTarget "ARGalleryTests" */;
			buildPhases = (
				3EB3EA884A5B4592CDB75B1B /* [CP] Check Pods Manifest.lock */,
				846699E12081DB6200797CAB /* Sources */,
				846699E22081DB6200797CAB /* Frameworks */,
				846699E32081DB6200797CAB /* Resources */,
			);
			buildRules = (
			);
			dependencies = (
				846699E72081DB6200797CAB /* PBXTargetDependency */,
			);
			name = ARGalleryTests;
			productName = ARGalleryTests;
			productReference = 846699E52081DB6200797CAB /* ARGalleryTests.xctest */;
			productType = "com.apple.product-type.bundle.unit-test";
		};
/* End PBXNativeTarget section */

/* Begin PBXProject section */
		846699C72081DB6000797CAB /* Project object */ = {
			isa = PBXProject;
			attributes = {
				LastSwiftUpdateCheck = 0930;
				LastUpgradeCheck = 0930;
				ORGANIZATIONNAME = kingcos;
				TargetAttributes = {
					846699CE2081DB6000797CAB = {
						CreatedOnToolsVersion = 9.3;
					};
					846699E42081DB6200797CAB = {
						CreatedOnToolsVersion = 9.3;
						TestTargetID = 846699CE2081DB6000797CAB;
					};
				};
			};
			buildConfigurationList = 846699CA2081DB6000797CAB /* Build configuration list for PBXProject "ARGallery" */;
			compatibilityVersion = "Xcode 9.3";
			developmentRegion = en;
			hasScannedForEncodings = 0;
			knownRegions = (
				en,
				Base,
			);
			mainGroup = 846699C62081DB6000797CAB;
			productRefGroup = 846699D02081DB6000797CAB /* Products */;
			projectDirPath = "";
			projectRoot = "";
			targets = (
				846699CE2081DB6000797CAB /* ARGallery */,
				846699E42081DB6200797CAB /* ARGalleryTests */,
			);
		};
/* End PBXProject section */

/* Begin PBXResourcesBuildPhase section */
		846699CD2081DB6000797CAB /* Resources */ = {
			isa = PBXResourcesBuildPhase;
			buildActionMask = 2147483647;
			files = (
				84669A082081EEB900797CAB /* example.jpg in Resources */,
				846699D52081DB6000797CAB /* art.scnassets in Resources */,
				84669A072081EEB900797CAB /* example-result.jpg in Resources */,
				846699DF2081DB6200797CAB /* LaunchScreen.storyboard in Resources */,
				846699DC2081DB6200797CAB /* Assets.xcassets in Resources */,
				846699DA2081DB6000797CAB /* Main.storyboard in Resources */,
			);
			runOnlyForDeploymentPostprocessing = 0;
		};
		846699E32081DB6200797CAB /* Resources */ = {
			isa = PBXResourcesBuildPhase;
			buildActionMask = 2147483647;
			files = (
			);
			runOnlyForDeploymentPostprocessing = 0;
		};
/* End PBXResourcesBuildPhase section */

/* Begin PBXShellScriptBuildPhase section */
		21F3781802EE458FF8B1A431 /* [CP] Check Pods Manifest.lock */ = {
			isa = PBXShellScriptBuildPhase;
			buildActionMask = 2147483647;
			files = (
			);
			inputPaths = (
				"${PODS_PODFILE_DIR_PATH}/Podfile.lock",
				"${PODS_ROOT}/Manifest.lock",
			);
			name = "[CP] Check Pods Manifest.lock";
			outputPaths = (
				"$(DERIVED_FILE_DIR)/Pods-ARGallery-checkManifestLockResult.txt",
			);
			runOnlyForDeploymentPostprocessing = 0;
			shellPath = /bin/sh;
			shellScript = "diff \"${PODS_PODFILE_DIR_PATH}/Podfile.lock\" \"${PODS_ROOT}/Manifest.lock\" > /dev/null\nif [ $? != 0 ] ; then\n    # print error to STDERR\n    echo \"error: The sandbox is not in sync with the Podfile.lock. Run 'pod install' or update your CocoaPods installation.\" >&2\n    exit 1\nfi\n# This output is used by Xcode 'outputs' to avoid re-running this script phase.\necho \"SUCCESS\" > \"${SCRIPT_OUTPUT_FILE_0}\"\n";
			showEnvVarsInLog = 0;
		};
		3EB3EA884A5B4592CDB75B1B /* [CP] Check Pods Manifest.lock */ = {
			isa = PBXShellScriptBuildPhase;
			buildActionMask = 2147483647;
			files = (
			);
			inputPaths = (
				"${PODS_PODFILE_DIR_PATH}/Podfile.lock",
				"${PODS_ROOT}/Manifest.lock",
			);
			name = "[CP] Check Pods Manifest.lock";
			outputPaths = (
				"$(DERIVED_FILE_DIR)/Pods-ARGalleryTests-checkManifestLockResult.txt",
			);
			runOnlyForDeploymentPostprocessing = 0;
			shellPath = /bin/sh;
			shellScript = "diff \"${PODS_PODFILE_DIR_PATH}/Podfile.lock\" \"${PODS_ROOT}/Manifest.lock\" > /dev/null\nif [ $? != 0 ] ; then\n    # print error to STDERR\n    echo \"error: The sandbox is not in sync with the Podfile.lock. Run 'pod install' or update your CocoaPods installation.\" >&2\n    exit 1\nfi\n# This output is used by Xcode 'outputs' to avoid re-running this script phase.\necho \"SUCCESS\" > \"${SCRIPT_OUTPUT_FILE_0}\"\n";
			showEnvVarsInLog = 0;
		};
		5E5CD75A64C91AD3C7B67444 /* [CP] Embed Pods Frameworks */ = {
			isa = PBXShellScriptBuildPhase;
			buildActionMask = 2147483647;
			files = (
			);
			inputPaths = (
				"${SRCROOT}/Pods/Target Support Files/Pods-ARGallery/Pods-ARGallery-frameworks.sh",
				"${BUILT_PRODUCTS_DIR}/Alamofire/Alamofire.framework",
			);
			name = "[CP] Embed Pods Frameworks";
			outputPaths = (
				"${TARGET_BUILD_DIR}/${FRAMEWORKS_FOLDER_PATH}/Alamofire.framework",
			);
			runOnlyForDeploymentPostprocessing = 0;
			shellPath = /bin/sh;
			shellScript = "\"${SRCROOT}/Pods/Target Support Files/Pods-ARGallery/Pods-ARGallery-frameworks.sh\"\n";
			showEnvVarsInLog = 0;
		};
/* End PBXShellScriptBuildPhase section */

/* Begin PBXSourcesBuildPhase section */
		846699CB2081DB6000797CAB /* Sources */ = {
			isa = PBXSourcesBuildPhase;
			buildActionMask = 2147483647;
			files = (
				846699D72081DB6000797CAB /* ViewController.swift in Sources */,
				846699D32081DB6000797CAB /* AppDelegate.swift in Sources */,
				84E6B92D20827B7800895579 /* Painting.swift in Sources */,
				84669A0A2081F16600797CAB /* Helper.swift in Sources */,
			);
			runOnlyForDeploymentPostprocessing = 0;
		};
		846699E12081DB6200797CAB /* Sources */ = {
			isa = PBXSourcesBuildPhase;
			buildActionMask = 2147483647;
			files = (
				84669A0E2082187200797CAB /* APITests.swift in Sources */,
				846699EA2081DB6200797CAB /* ARGalleryTests.swift in Sources */,
			);
			runOnlyForDeploymentPostprocessing = 0;
		};
/* End PBXSourcesBuildPhase section */

/* Begin PBXTargetDependency section */
		846699E72081DB6200797CAB /* PBXTargetDependency */ = {
			isa = PBXTargetDependency;
			target = 846699CE2081DB6000797CAB /* ARGallery */;
			targetProxy = 846699E62081DB6200797CAB /* PBXContainerItemProxy */;
		};
/* End PBXTargetDependency section */

/* Begin PBXVariantGroup section */
		846699D82081DB6000797CAB /* Main.storyboard */ = {
			isa = PBXVariantGroup;
			children = (
				846699D92081DB6000797CAB /* Base */,
			);
			name = Main.storyboard;
			sourceTree = "<group>";
		};
		846699DD2081DB6200797CAB /* LaunchScreen.storyboard */ = {
			isa = PBXVariantGroup;
			children = (
				846699DE2081DB6200797CAB /* Base */,
			);
			name = LaunchScreen.storyboard;
			sourceTree = "<group>";
		};
/* End PBXVariantGroup section */

/* Begin XCBuildConfiguration section */
		846699EC2081DB6200797CAB /* Debug */ = {
			isa = XCBuildConfiguration;
			buildSettings = {
				ALWAYS_SEARCH_USER_PATHS = NO;
				CLANG_ANALYZER_NONNULL = YES;
				CLANG_ANALYZER_NUMBER_OBJECT_CONVERSION = YES_AGGRESSIVE;
				CLANG_CXX_LANGUAGE_STANDARD = "gnu++14";
				CLANG_CXX_LIBRARY = "libc++";
				CLANG_ENABLE_MODULES = YES;
				CLANG_ENABLE_OBJC_ARC = YES;
				CLANG_ENABLE_OBJC_WEAK = YES;
				CLANG_WARN_BLOCK_CAPTURE_AUTORELEASING = YES;
				CLANG_WARN_BOOL_CONVERSION = YES;
				CLANG_WARN_COMMA = YES;
				CLANG_WARN_CONSTANT_CONVERSION = YES;
				CLANG_WARN_DEPRECATED_OBJC_IMPLEMENTATIONS = YES;
				CLANG_WARN_DIRECT_OBJC_ISA_USAGE = YES_ERROR;
				CLANG_WARN_DOCUMENTATION_COMMENTS = YES;
				CLANG_WARN_EMPTY_BODY = YES;
				CLANG_WARN_ENUM_CONVERSION = YES;
				CLANG_WARN_INFINITE_RECURSION = YES;
				CLANG_WARN_INT_CONVERSION = YES;
				CLANG_WARN_NON_LITERAL_NULL_CONVERSION = YES;
				CLANG_WARN_OBJC_IMPLICIT_RETAIN_SELF = YES;
				CLANG_WARN_OBJC_LITERAL_CONVERSION = YES;
				CLANG_WARN_OBJC_ROOT_CLASS = YES_ERROR;
				CLANG_WARN_RANGE_LOOP_ANALYSIS = YES;
				CLANG_WARN_STRICT_PROTOTYPES = YES;
				CLANG_WARN_SUSPICIOUS_MOVE = YES;
				CLANG_WARN_UNGUARDED_AVAILABILITY = YES_AGGRESSIVE;
				CLANG_WARN_UNREACHABLE_CODE = YES;
				CLANG_WARN__DUPLICATE_METHOD_MATCH = YES;
				CODE_SIGN_IDENTITY = "iPhone Developer";
				COPY_PHASE_STRIP = NO;
				DEBUG_INFORMATION_FORMAT = dwarf;
				ENABLE_STRICT_OBJC_MSGSEND = YES;
				ENABLE_TESTABILITY = YES;
				GCC_C_LANGUAGE_STANDARD = gnu11;
				GCC_DYNAMIC_NO_PIC = NO;
				GCC_NO_COMMON_BLOCKS = YES;
				GCC_OPTIMIZATION_LEVEL = 0;
				GCC_PREPROCESSOR_DEFINITIONS = (
					"DEBUG=1",
					"$(inherited)",
				);
				GCC_WARN_64_TO_32_BIT_CONVERSION = YES;
				GCC_WARN_ABOUT_RETURN_TYPE = YES_ERROR;
				GCC_WARN_UNDECLARED_SELECTOR = YES;
				GCC_WARN_UNINITIALIZED_AUTOS = YES_AGGRESSIVE;
				GCC_WARN_UNUSED_FUNCTION = YES;
				GCC_WARN_UNUSED_VARIABLE = YES;
				IPHONEOS_DEPLOYMENT_TARGET = 11.3;
				MTL_ENABLE_DEBUG_INFO = YES;
				ONLY_ACTIVE_ARCH = YES;
				SDKROOT = iphoneos;
				SWIFT_ACTIVE_COMPILATION_CONDITIONS = DEBUG;
				SWIFT_OPTIMIZATION_LEVEL = "-Onone";
			};
			name = Debug;
		};
		846699ED2081DB6200797CAB /* Release */ = {
			isa = XCBuildConfiguration;
			buildSettings = {
				ALWAYS_SEARCH_USER_PATHS = NO;
				CLANG_ANALYZER_NONNULL = YES;
				CLANG_ANALYZER_NUMBER_OBJECT_CONVERSION = YES_AGGRESSIVE;
				CLANG_CXX_LANGUAGE_STANDARD = "gnu++14";
				CLANG_CXX_LIBRARY = "libc++";
				CLANG_ENABLE_MODULES = YES;
				CLANG_ENABLE_OBJC_ARC = YES;
				CLANG_ENABLE_OBJC_WEAK = YES;
				CLANG_WARN_BLOCK_CAPTURE_AUTORELEASING = YES;
				CLANG_WARN_BOOL_CONVERSION = YES;
				CLANG_WARN_COMMA = YES;
				CLANG_WARN_CONSTANT_CONVERSION = YES;
				CLANG_WARN_DEPRECATED_OBJC_IMPLEMENTATIONS = YES;
				CLANG_WARN_DIRECT_OBJC_ISA_USAGE = YES_ERROR;
				CLANG_WARN_DOCUMENTATION_COMMENTS = YES;
				CLANG_WARN_EMPTY_BODY = YES;
				CLANG_WARN_ENUM_CONVERSION = YES;
				CLANG_WARN_INFINITE_RECURSION = YES;
				CLANG_WARN_INT_CONVERSION = YES;
				CLANG_WARN_NON_LITERAL_NULL_CONVERSION = YES;
				CLANG_WARN_OBJC_IMPLICIT_RETAIN_SELF = YES;
				CLANG_WARN_OBJC_LITERAL_CONVERSION = YES;
				CLANG_WARN_OBJC_ROOT_CLASS = YES_ERROR;
				CLANG_WARN_RANGE_LOOP_ANALYSIS = YES;
				CLANG_WARN_STRICT_PROTOTYPES = YES;
				CLANG_WARN_SUSPICIOUS_MOVE = YES;
				CLANG_WARN_UNGUARDED_AVAILABILITY = YES_AGGRESSIVE;
				CLANG_WARN_UNREACHABLE_CODE = YES;
				CLANG_WARN__DUPLICATE_METHOD_MATCH = YES;
				CODE_SIGN_IDENTITY = "iPhone Developer";
				COPY_PHASE_STRIP = NO;
				DEBUG_INFORMATION_FORMAT = "dwarf-with-dsym";
				ENABLE_NS_ASSERTIONS = NO;
				ENABLE_STRICT_OBJC_MSGSEND = YES;
				GCC_C_LANGUAGE_STANDARD = gnu11;
				GCC_NO_COMMON_BLOCKS = YES;
				GCC_WARN_64_TO_32_BIT_CONVERSION = YES;
				GCC_WARN_ABOUT_RETURN_TYPE = YES_ERROR;
				GCC_WARN_UNDECLARED_SELECTOR = YES;
				GCC_WARN_UNINITIALIZED_AUTOS = YES_AGGRESSIVE;
				GCC_WARN_UNUSED_FUNCTION = YES;
				GCC_WARN_UNUSED_VARIABLE = YES;
				IPHONEOS_DEPLOYMENT_TARGET = 11.3;
				MTL_ENABLE_DEBUG_INFO = NO;
				SDKROOT = iphoneos;
				SWIFT_COMPILATION_MODE = wholemodule;
				SWIFT_OPTIMIZATION_LEVEL = "-O";
				VALIDATE_PRODUCT = YES;
			};
			name = Release;
		};
		846699EF2081DB6200797CAB /* Debug */ = {
			isa = XCBuildConfiguration;
			baseConfigurationReference = 2DA34FC420D87B87CA6BDCE3 /* Pods-ARGallery.debug.xcconfig */;
			buildSettings = {
				ASSETCATALOG_COMPILER_APPICON_NAME = AppIcon;
				CODE_SIGN_STYLE = Automatic;
				DEVELOPMENT_TEAM = LEG7CXMPKJ;
				INFOPLIST_FILE = ARGallery/Info.plist;
				LD_RUNPATH_SEARCH_PATHS = (
					"$(inherited)",
					"@executable_path/Frameworks",
				);
				PRODUCT_BUNDLE_IDENTIFIER = com.maimieng.ARGallery;
				PRODUCT_NAME = "$(TARGET_NAME)";
				SWIFT_VERSION = 4.0;
				TARGETED_DEVICE_FAMILY = "1,2";
			};
			name = Debug;
		};
		846699F02081DB6200797CAB /* Release */ = {
			isa = XCBuildConfiguration;
			baseConfigurationReference = FCA360946A164098228365EE /* Pods-ARGallery.release.xcconfig */;
			buildSettings = {
				ASSETCATALOG_COMPILER_APPICON_NAME = AppIcon;
				CODE_SIGN_STYLE = Automatic;
				DEVELOPMENT_TEAM = LEG7CXMPKJ;
				INFOPLIST_FILE = ARGallery/Info.plist;
				LD_RUNPATH_SEARCH_PATHS = (
					"$(inherited)",
					"@executable_path/Frameworks",
				);
				PRODUCT_BUNDLE_IDENTIFIER = com.maimieng.ARGallery;
				PRODUCT_NAME = "$(TARGET_NAME)";
				SWIFT_VERSION = 4.0;
				TARGETED_DEVICE_FAMILY = "1,2";
			};
			name = Release;
		};
		846699F22081DB6200797CAB /* Debug */ = {
			isa = XCBuildConfiguration;
			baseConfigurationReference = 0567D6FCB3244C41CF7495C2 /* Pods-ARGalleryTests.debug.xcconfig */;
			buildSettings = {
				ALWAYS_EMBED_SWIFT_STANDARD_LIBRARIES = YES;
				BUNDLE_LOADER = "$(TEST_HOST)";
				CODE_SIGN_STYLE = Automatic;
				DEVELOPMENT_TEAM = LEG7CXMPKJ;
				INFOPLIST_FILE = ARGalleryTests/Info.plist;
				LD_RUNPATH_SEARCH_PATHS = (
					"$(inherited)",
					"@executable_path/Frameworks",
					"@loader_path/Frameworks",
				);
				PRODUCT_BUNDLE_IDENTIFIER = com.maimieng.ARGalleryTests;
				PRODUCT_NAME = "$(TARGET_NAME)";
				SWIFT_VERSION = 4.0;
				TARGETED_DEVICE_FAMILY = "1,2";
				TEST_HOST = "$(BUILT_PRODUCTS_DIR)/ARGallery.app/ARGallery";
			};
			name = Debug;
		};
		846699F32081DB6200797CAB /* Release */ = {
			isa = XCBuildConfiguration;
			baseConfigurationReference = 40C46DCDA56F47AF86EA5A79 /* Pods-ARGalleryTests.release.xcconfig */;
			buildSettings = {
				ALWAYS_EMBED_SWIFT_STANDARD_LIBRARIES = YES;
				BUNDLE_LOADER = "$(TEST_HOST)";
				CODE_SIGN_STYLE = Automatic;
				DEVELOPMENT_TEAM = LEG7CXMPKJ;
				INFOPLIST_FILE = ARGalleryTests/Info.plist;
				LD_RUNPATH_SEARCH_PATHS = (
					"$(inherited)",
					"@executable_path/Frameworks",
					"@loader_path/Frameworks",
				);
				PRODUCT_BUNDLE_IDENTIFIER = com.maimieng.ARGalleryTests;
				PRODUCT_NAME = "$(TARGET_NAME)";
				SWIFT_VERSION = 4.0;
				TARGETED_DEVICE_FAMILY = "1,2";
				TEST_HOST = "$(BUILT_PRODUCTS_DIR)/ARGallery.app/ARGallery";
			};
			name = Release;
		};
/* End XCBuildConfiguration section */

/* Begin XCConfigurationList section */
		846699CA2081DB6000797CAB /* Build configuration list for PBXProject "ARGallery" */ = {
			isa = XCConfigurationList;
			buildConfigurations = (
				846699EC2081DB6200797CAB /* Debug */,
				846699ED2081DB6200797CAB /* Release */,
			);
			defaultConfigurationIsVisible = 0;
			defaultConfigurationName = Release;
		};
		846699EE2081DB6200797CAB /* Build configuration list for PBXNativeTarget "ARGallery" */ = {
			isa = XCConfigurationList;
			buildConfigurations = (
				846699EF2081DB6200797CAB /* Debug */,
				846699F02081DB6200797CAB /* Release */,
			);
			defaultConfigurationIsVisible = 0;
			defaultConfigurationName = Release;
		};
		846699F12081DB6200797CAB /* Build configuration list for PBXNativeTarget "ARGalleryTests" */ = {
			isa = XCConfigurationList;
			buildConfigurations = (
				846699F22081DB6200797CAB /* Debug */,
				846699F32081DB6200797CAB /* Release */,
			);
			defaultConfigurationIsVisible = 0;
			defaultConfigurationName = Release;
		};
/* End XCConfigurationList section */
	};
	rootObject = 846699C72081DB6000797CAB /* Project object */;
}
